// !$*UTF8*$!
{
	archiveVersion = 1;
	classes = {
	};
	objectVersion = 50;
	objects = {

/* Begin PBXBuildFile section */
		FDC1A94526A08921001E2280 /* AppDelegate.swift in Sources */ = {isa = PBXBuildFile; fileRef = FDC1A94426A08921001E2280 /* AppDelegate.swift */; };
		FDC1A94726A08921001E2280 /* SceneDelegate.swift in Sources */ = {isa = PBXBuildFile; fileRef = FDC1A94626A08921001E2280 /* SceneDelegate.swift */; };
		FDC1A94926A08921001E2280 /* ViewController.swift in Sources */ = {isa = PBXBuildFile; fileRef = FDC1A94826A08921001E2280 /* ViewController.swift */; };
		FDC1A94C26A08921001E2280 /* Main.storyboard in Resources */ = {isa = PBXBuildFile; fileRef = FDC1A94A26A08921001E2280 /* Main.storyboard */; };
		FDC1A94F26A08921001E2280 /* SegueEx1.xcdatamodeld in Sources */ = {isa = PBXBuildFile; fileRef = FDC1A94D26A08921001E2280 /* SegueEx1.xcdatamodeld */; };
		FDC1A95126A08924001E2280 /* Assets.xcassets in Resources */ = {isa = PBXBuildFile; fileRef = FDC1A95026A08924001E2280 /* Assets.xcassets */; };
		FDC1A95426A08924001E2280 /* LaunchScreen.storyboard in Resources */ = {isa = PBXBuildFile; fileRef = FDC1A95226A08924001E2280 /* LaunchScreen.storyboard */; };
		FDC1A95F26A08924001E2280 /* SegueEx1Tests.swift in Sources */ = {isa = PBXBuildFile; fileRef = FDC1A95E26A08924001E2280 /* SegueEx1Tests.swift */; };
		FDC1A96A26A08924001E2280 /* SegueEx1UITests.swift in Sources */ = {isa = PBXBuildFile; fileRef = FDC1A96926A08924001E2280 /* SegueEx1UITests.swift */; };
/* End PBXBuildFile section */

/* Begin PBXContainerItemProxy section */
		FDC1A95B26A08924001E2280 /* PBXContainerItemProxy */ = {
			isa = PBXContainerItemProxy;
			containerPortal = FDC1A93926A08921001E2280 /* Project object */;
			proxyType = 1;
			remoteGlobalIDString = FDC1A94026A08921001E2280;
			remoteInfo = SegueEx1;
		};
		FDC1A96626A08924001E2280 /* PBXContainerItemProxy */ = {
			isa = PBXContainerItemProxy;
			containerPortal = FDC1A93926A08921001E2280 /* Project object */;
			proxyType = 1;
			remoteGlobalIDString = FDC1A94026A08921001E2280;
			remoteInfo = SegueEx1;
		};
/* End PBXContainerItemProxy section */

/* Begin PBXFileReference section */
		FDC1A94126A08921001E2280 /* SegueEx1.app */ = {isa = PBXFileReference; explicitFileType = wrapper.application; includeInIndex = 0; path = SegueEx1.app; sourceTree = BUILT_PRODUCTS_DIR; };
		FDC1A94426A08921001E2280 /* AppDelegate.swift */ = {isa = PBXFileReference; lastKnownFileType = sourcecode.swift; path = AppDelegate.swift; sourceTree = "<group>"; };
		FDC1A94626A08921001E2280 /* SceneDelegate.swift */ = {isa = PBXFileReference; lastKnownFileType = sourcecode.swift; path = SceneDelegate.swift; sourceTree = "<group>"; };
		FDC1A94826A08921001E2280 /* ViewController.swift */ = {isa = PBXFileReference; lastKnownFileType = sourcecode.swift; path = ViewController.swift; sourceTree = "<group>"; };
		FDC1A94B26A08921001E2280 /* Base */ = {isa = PBXFileReference; lastKnownFileType = file.storyboard; name = Base; path = Base.lproj/Main.storyboard; sourceTree = "<group>"; };
		FDC1A94E26A08921001E2280 /* SegueEx1.xcdatamodel */ = {isa = PBXFileReference; lastKnownFileType = wrapper.xcdatamodel; path = SegueEx1.xcdatamodel; sourceTree = "<group>"; };
		FDC1A95026A08924001E2280 /* Assets.xcassets */ = {isa = PBXFileReference; lastKnownFileType = folder.assetcatalog; path = Assets.xcassets; sourceTree = "<group>"; };
		FDC1A95326A08924001E2280 /* Base */ = {isa = PBXFileReference; lastKnownFileType = file.storyboard; name = Base; path = Base.lproj/LaunchScreen.storyboard; sourceTree = "<group>"; };
		FDC1A95526A08924001E2280 /* Info.plist */ = {isa = PBXFileReference; lastKnownFileType = text.plist.xml; path = Info.plist; sourceTree = "<group>"; };
		FDC1A95A26A08924001E2280 /* SegueEx1Tests.xctest */ = {isa = PBXFileReference; explicitFileType = wrapper.cfbundle; includeInIndex = 0; path = SegueEx1Tests.xctest; sourceTree = BUILT_PRODUCTS_DIR; };
		FDC1A95E26A08924001E2280 /* SegueEx1Tests.swift */ = {isa = PBXFileReference; lastKnownFileType = sourcecode.swift; path = SegueEx1Tests.swift; sourceTree = "<group>"; };
		FDC1A96026A08924001E2280 /* Info.plist */ = {isa = PBXFileReference; lastKnownFileType = text.plist.xml; path = Info.plist; sourceTree = "<group>"; };
		FDC1A96526A08924001E2280 /* SegueEx1UITests.xctest */ = {isa = PBXFileReference; explicitFileType = wrapper.cfbundle; includeInIndex = 0; path = SegueEx1UITests.xctest; sourceTree = BUILT_PRODUCTS_DIR; };
		FDC1A96926A08924001E2280 /* SegueEx1UITests.swift */ = {isa = PBXFileReference; lastKnownFileType = sourcecode.swift; path = SegueEx1UITests.swift; sourceTree = "<group>"; };
		FDC1A96B26A08924001E2280 /* Info.plist */ = {isa = PBXFileReference; lastKnownFileType = text.plist.xml; path = Info.plist; sourceTree = "<group>"; };
/* End PBXFileReference section */

/* Begin PBXFrameworksBuildPhase section */
		FDC1A93E26A08921001E2280 /* Frameworks */ = {
			isa = PBXFrameworksBuildPhase;
			buildActionMask = 2147483647;
			files = (
			);
			runOnlyForDeploymentPostprocessing = 0;
		};
		FDC1A95726A08924001E2280 /* Frameworks */ = {
			isa = PBXFrameworksBuildPhase;
			buildActionMask = 2147483647;
			files = (
			);
			runOnlyForDeploymentPostprocessing = 0;
		};
		FDC1A96226A08924001E2280 /* Frameworks */ = {
			isa = PBXFrameworksBuildPhase;
			buildActionMask = 2147483647;
			files = (
			);
			runOnlyForDeploymentPostprocessing = 0;
		};
/* End PBXFrameworksBuildPhase section */

/* Begin PBXGroup section */
		FDC1A93826A08921001E2280 = {
			isa = PBXGroup;
			children = (
				FDC1A94326A08921001E2280 /* SegueEx1 */,
				FDC1A95D26A08924001E2280 /* SegueEx1Tests */,
				FDC1A96826A08924001E2280 /* SegueEx1UITests */,
				FDC1A94226A08921001E2280 /* Products */,
			);
			sourceTree = "<group>";
		};
		FDC1A94226A08921001E2280 /* Products */ = {
			isa = PBXGroup;
			children = (
				FDC1A94126A08921001E2280 /* SegueEx1.app */,
				FDC1A95A26A08924001E2280 /* SegueEx1Tests.xctest */,
				FDC1A96526A08924001E2280 /* SegueEx1UITests.xctest */,
			);
			name = Products;
			sourceTree = "<group>";
		};
		FDC1A94326A08921001E2280 /* SegueEx1 */ = {
			isa = PBXGroup;
			children = (
				FDC1A94426A08921001E2280 /* AppDelegate.swift */,
				FDC1A94626A08921001E2280 /* SceneDelegate.swift */,
				FDC1A94826A08921001E2280 /* ViewController.swift */,
				FDC1A94A26A08921001E2280 /* Main.storyboard */,
				FDC1A95026A08924001E2280 /* Assets.xcassets */,
				FDC1A95226A08924001E2280 /* LaunchScreen.storyboard */,
				FDC1A95526A08924001E2280 /* Info.plist */,
				FDC1A94D26A08921001E2280 /* SegueEx1.xcdatamodeld */,
			);
			path = SegueEx1;
			sourceTree = "<group>";
		};
		FDC1A95D26A08924001E2280 /* SegueEx1Tests */ = {
			isa = PBXGroup;
			children = (
				FDC1A95E26A08924001E2280 /* SegueEx1Tests.swift */,
				FDC1A96026A08924001E2280 /* Info.plist */,
			);
			path = SegueEx1Tests;
			sourceTree = "<group>";
		};
		FDC1A96826A08924001E2280 /* SegueEx1UITests */ = {
			isa = PBXGroup;
			children = (
				FDC1A96926A08924001E2280 /* SegueEx1UITests.swift */,
				FDC1A96B26A08924001E2280 /* Info.plist */,
			);
			path = SegueEx1UITests;
			sourceTree = "<group>";
		};
/* End PBXGroup section */

/* Begin PBXNativeTarget section */
		FDC1A94026A08921001E2280 /* SegueEx1 */ = {
			isa = PBXNativeTarget;
			buildConfigurationList = FDC1A96E26A08924001E2280 /* Build configuration list for PBXNativeTarget "SegueEx1" */;
			buildPhases = (
				FDC1A93D26A08921001E2280 /* Sources */,
				FDC1A93E26A08921001E2280 /* Frameworks */,
				FDC1A93F26A08921001E2280 /* Resources */,
			);
			buildRules = (
			);
			dependencies = (
			);
			name = SegueEx1;
			productName = SegueEx1;
			productReference = FDC1A94126A08921001E2280 /* SegueEx1.app */;
			productType = "com.apple.product-type.application";
		};
		FDC1A95926A08924001E2280 /* SegueEx1Tests */ = {
			isa = PBXNativeTarget;
			buildConfigurationList = FDC1A97126A08924001E2280 /* Build configuration list for PBXNativeTarget "SegueEx1Tests" */;
			buildPhases = (
				FDC1A95626A08924001E2280 /* Sources */,
				FDC1A95726A08924001E2280 /* Frameworks */,
				FDC1A95826A08924001E2280 /* Resources */,
			);
			buildRules = (
			);
			dependencies = (
				FDC1A95C26A08924001E2280 /* PBXTargetDependency */,
			);
			name = SegueEx1Tests;
			productName = SegueEx1Tests;
			productReference = FDC1A95A26A08924001E2280 /* SegueEx1Tests.xctest */;
			productType = "com.apple.product-type.bundle.unit-test";
		};
		FDC1A96426A08924001E2280 /* SegueEx1UITests */ = {
			isa = PBXNativeTarget;
			buildConfigurationList = FDC1A97426A08924001E2280 /* Build configuration list for PBXNativeTarget "SegueEx1UITests" */;
			buildPhases = (
				FDC1A96126A08924001E2280 /* Sources */,
				FDC1A96226A08924001E2280 /* Frameworks */,
				FDC1A96326A08924001E2280 /* Resources */,
			);
			buildRules = (
			);
			dependencies = (
				FDC1A96726A08924001E2280 /* PBXTargetDependency */,
			);
			name = SegueEx1UITests;
			productName = SegueEx1UITests;
			productReference = FDC1A96526A08924001E2280 /* SegueEx1UITests.xctest */;
			productType = "com.apple.product-type.bundle.ui-testing";
		};
/* End PBXNativeTarget section */

/* Begin PBXProject section */
		FDC1A93926A08921001E2280 /* Project object */ = {
			isa = PBXProject;
			attributes = {
				LastSwiftUpdateCheck = 1130;
				LastUpgradeCheck = 1130;
				ORGANIZATIONNAME = "Dina Cazun";
				TargetAttributes = {
					FDC1A94026A08921001E2280 = {
						CreatedOnToolsVersion = 11.3.1;
					};
					FDC1A95926A08924001E2280 = {
						CreatedOnToolsVersion = 11.3.1;
						TestTargetID = FDC1A94026A08921001E2280;
					};
					FDC1A96426A08924001E2280 = {
						CreatedOnToolsVersion = 11.3.1;
						TestTargetID = FDC1A94026A08921001E2280;
					};
				};
			};
			buildConfigurationList = FDC1A93C26A08921001E2280 /* Build configuration list for PBXProject "SegueEx1" */;
			compatibilityVersion = "Xcode 9.3";
			developmentRegion = en;
			hasScannedForEncodings = 0;
			knownRegions = (
				en,
				Base,
			);
			mainGroup = FDC1A93826A08921001E2280;
			productRefGroup = FDC1A94226A08921001E2280 /* Products */;
			projectDirPath = "";
			projectRoot = "";
			targets = (
				FDC1A94026A08921001E2280 /* SegueEx1 */,
				FDC1A95926A08924001E2280 /* SegueEx1Tests */,
				FDC1A96426A08924001E2280 /* SegueEx1UITests */,
			);
		};
/* End PBXProject section */

/* Begin PBXResourcesBuildPhase section */
		FDC1A93F26A08921001E2280 /* Resources */ = {
			isa = PBXResourcesBuildPhase;
			buildActionMask = 2147483647;
			files = (
				FDC1A95426A08924001E2280 /* LaunchScreen.storyboard in Resources */,
				FDC1A95126A08924001E2280 /* Assets.xcassets in Resources */,
				FDC1A94C26A08921001E2280 /* Main.storyboard in Resources */,
			);
			runOnlyForDeploymentPostprocessing = 0;
		};
		FDC1A95826A08924001E2280 /* Resources */ = {
			isa = PBXResourcesBuildPhase;
			buildActionMask = 2147483647;
			files = (
			);
			runOnlyForDeploymentPostprocessing = 0;
		};
		FDC1A96326A08924001E2280 /* Resources */ = {
			isa = PBXResourcesBuildPhase;
			buildActionMask = 2147483647;
			files = (
			);
			runOnlyForDeploymentPostprocessing = 0;
		};
/* End PBXResourcesBuildPhase section */

/* Begin PBXSourcesBuildPhase section */
		FDC1A93D26A08921001E2280 /* Sources */ = {
			isa = PBXSourcesBuildPhase;
			buildActionMask = 2147483647;
			files = (
				FDC1A94F26A08921001E2280 /* SegueEx1.xcdatamodeld in Sources */,
				FDC1A94926A08921001E2280 /* ViewController.swift in Sources */,
				FDC1A94526A08921001E2280 /* AppDelegate.swift in Sources */,
				FDC1A94726A08921001E2280 /* SceneDelegate.swift in Sources */,
			);
			runOnlyForDeploymentPostprocessing = 0;
		};
		FDC1A95626A08924001E2280 /* Sources */ = {
			isa = PBXSourcesBuildPhase;
			buildActionMask = 2147483647;
			files = (
				FDC1A95F26A08924001E2280 /* SegueEx1Tests.swift in Sources */,
			);
			runOnlyForDeploymentPostprocessing = 0;
		};
		FDC1A96126A08924001E2280 /* Sources */ = {
			isa = PBXSourcesBuildPhase;
			buildActionMask = 2147483647;
			files = (
				FDC1A96A26A08924001E2280 /* SegueEx1UITests.swift in Sources */,
			);
			runOnlyForDeploymentPostprocessing = 0;
		};
/* End PBXSourcesBuildPhase section */

/* Begin PBXTargetDependency section */
		FDC1A95C26A08924001E2280 /* PBXTargetDependency */ = {
			isa = PBXTargetDependency;
			target = FDC1A94026A08921001E2280 /* SegueEx1 */;
			targetProxy = FDC1A95B26A08924001E2280 /* PBXContainerItemProxy */;
		};
		FDC1A96726A08924001E2280 /* PBXTargetDependency */ = {
			isa = PBXTargetDependency;
			target = FDC1A94026A08921001E2280 /* SegueEx1 */;
			targetProxy = FDC1A96626A08924001E2280 /* PBXContainerItemProxy */;
		};
/* End PBXTargetDependency section */

/* Begin PBXVariantGroup section */
		FDC1A94A26A08921001E2280 /* Main.storyboard */ = {
			isa = PBXVariantGroup;
			children = (
				FDC1A94B26A08921001E2280 /* Base */,
			);
			name = Main.storyboard;
			sourceTree = "<group>";
		};
		FDC1A95226A08924001E2280 /* LaunchScreen.storyboard */ = {
			isa = PBXVariantGroup;
			children = (
				FDC1A95326A08924001E2280 /* Base */,
			);
			name = LaunchScreen.storyboard;
			sourceTree = "<group>";
		};
/* End PBXVariantGroup section */

/* Begin XCBuildConfiguration section */
		FDC1A96C26A08924001E2280 /* Debug */ = {
			isa = XCBuildConfiguration;
			buildSettings = {
				ALWAYS_SEARCH_USER_PATHS = NO;
				CLANG_ANALYZER_NONNULL = YES;
				CLANG_ANALYZER_NUMBER_OBJECT_CONVERSION = YES_AGGRESSIVE;
				CLANG_CXX_LANGUAGE_STANDARD = "gnu++14";
				CLANG_CXX_LIBRARY = "libc++";
				CLANG_ENABLE_MODULES = YES;
				CLANG_ENABLE_OBJC_ARC = YES;
				CLANG_ENABLE_OBJC_WEAK = YES;
				CLANG_WARN_BLOCK_CAPTURE_AUTORELEASING = YES;
				CLANG_WARN_BOOL_CONVERSION = YES;
				CLANG_WARN_COMMA = YES;
				CLANG_WARN_CONSTANT_CONVERSION = YES;
				CLANG_WARN_DEPRECATED_OBJC_IMPLEMENTATIONS = YES;
				CLANG_WARN_DIRECT_OBJC_ISA_USAGE = YES_ERROR;
				CLANG_WARN_DOCUMENTATION_COMMENTS = YES;
				CLANG_WARN_EMPTY_BODY = YES;
				CLANG_WARN_ENUM_CONVERSION = YES;
				CLANG_WARN_INFINITE_RECURSION = YES;
				CLANG_WARN_INT_CONVERSION = YES;
				CLANG_WARN_NON_LITERAL_NULL_CONVERSION = YES;
				CLANG_WARN_OBJC_IMPLICIT_RETAIN_SELF = YES;
				CLANG_WARN_OBJC_LITERAL_CONVERSION = YES;
				CLANG_WARN_OBJC_ROOT_CLASS = YES_ERROR;
				CLANG_WARN_RANGE_LOOP_ANALYSIS = YES;
				CLANG_WARN_STRICT_PROTOTYPES = YES;
				CLANG_WARN_SUSPICIOUS_MOVE = YES;
				CLANG_WARN_UNGUARDED_AVAILABILITY = YES_AGGRESSIVE;
				CLANG_WARN_UNREACHABLE_CODE = YES;
				CLANG_WARN__DUPLICATE_METHOD_MATCH = YES;
				COPY_PHASE_STRIP = NO;
				DEBUG_INFORMATION_FORMAT = dwarf;
				ENABLE_STRICT_OBJC_MSGSEND = YES;
				ENABLE_TESTABILITY = YES;
				GCC_C_LANGUAGE_STANDARD = gnu11;
				GCC_DYNAMIC_NO_PIC = NO;
				GCC_NO_COMMON_BLOCKS = YES;
				GCC_OPTIMIZATION_LEVEL = 0;
				GCC_PREPROCESSOR_DEFINITIONS = (
					"DEBUG=1",
					"$(inherited)",
				);
				GCC_WARN_64_TO_32_BIT_CONVERSION = YES;
				GCC_WARN_ABOUT_RETURN_TYPE = YES_ERROR;
				GCC_WARN_UNDECLARED_SELECTOR = YES;
				GCC_WARN_UNINITIALIZED_AUTOS = YES_AGGRESSIVE;
				GCC_WARN_UNUSED_FUNCTION = YES;
				GCC_WARN_UNUSED_VARIABLE = YES;
				IPHONEOS_DEPLOYMENT_TARGET = 13.2;
				MTL_ENABLE_DEBUG_INFO = INCLUDE_SOURCE;
				MTL_FAST_MATH = YES;
				ONLY_ACTIVE_ARCH = YES;
				SDKROOT = iphoneos;
				SWIFT_ACTIVE_COMPILATION_CONDITIONS = DEBUG;
				SWIFT_OPTIMIZATION_LEVEL = "-Onone";
			};
			name = Debug;
		};
		FDC1A96D26A08924001E2280 /* Release */ = {
			isa = XCBuildConfiguration;
			buildSettings = {
				ALWAYS_SEARCH_USER_PATHS = NO;
				CLANG_ANALYZER_NONNULL = YES;
				CLANG_ANALYZER_NUMBER_OBJECT_CONVERSION = YES_AGGRESSIVE;
				CLANG_CXX_LANGUAGE_STANDARD = "gnu++14";
				CLANG_CXX_LIBRARY = "libc++";
				CLANG_ENABLE_MODULES = YES;
				CLANG_ENABLE_OBJC_ARC = YES;
				CLANG_ENABLE_OBJC_WEAK = YES;
				CLANG_WARN_BLOCK_CAPTURE_AUTORELEASING = YES;
				CLANG_WARN_BOOL_CONVERSION = YES;
				CLANG_WARN_COMMA = YES;
				CLANG_WARN_CONSTANT_CONVERSION = YES;
				CLANG_WARN_DEPRECATED_OBJC_IMPLEMENTATIONS = YES;
				CLANG_WARN_DIRECT_OBJC_ISA_USAGE = YES_ERROR;
				CLANG_WARN_DOCUMENTATION_COMMENTS = YES;
				CLANG_WARN_EMPTY_BODY = YES;
				CLANG_WARN_ENUM_CONVERSION = YES;
				CLANG_WARN_INFINITE_RECURSION = YES;
				CLANG_WARN_INT_CONVERSION = YES;
				CLANG_WARN_NON_LITERAL_NULL_CONVERSION = YES;
				CLANG_WARN_OBJC_IMPLICIT_RETAIN_SELF = YES;
				CLANG_WARN_OBJC_LITERAL_CONVERSION = YES;
				CLANG_WARN_OBJC_ROOT_CLASS = YES_ERROR;
				CLANG_WARN_RANGE_LOOP_ANALYSIS = YES;
				CLANG_WARN_STRICT_PROTOTYPES = YES;
				CLANG_WARN_SUSPICIOUS_MOVE = YES;
				CLANG_WARN_UNGUARDED_AVAILABILITY = YES_AGGRESSIVE;
				CLANG_WARN_UNREACHABLE_CODE = YES;
				CLANG_WARN__DUPLICATE_METHOD_MATCH = YES;
				COPY_PHASE_STRIP = NO;
				DEBUG_INFORMATION_FORMAT = "dwarf-with-dsym";
				ENABLE_NS_ASSERTIONS = NO;
				ENABLE_STRICT_OBJC_MSGSEND = YES;
				GCC_C_LANGUAGE_STANDARD = gnu11;
				GCC_NO_COMMON_BLOCKS = YES;
				GCC_WARN_64_TO_32_BIT_CONVERSION = YES;
				GCC_WARN_ABOUT_RETURN_TYPE = YES_ERROR;
				GCC_WARN_UNDECLARED_SELECTOR = YES;
				GCC_WARN_UNINITIALIZED_AUTOS = YES_AGGRESSIVE;
				GCC_WARN_UNUSED_FUNCTION = YES;
				GCC_WARN_UNUSED_VARIABLE = YES;
				IPHONEOS_DEPLOYMENT_TARGET = 13.2;
				MTL_ENABLE_DEBUG_INFO = NO;
				MTL_FAST_MATH = YES;
				SDKROOT = iphoneos;
				SWIFT_COMPILATION_MODE = wholemodule;
				SWIFT_OPTIMIZATION_LEVEL = "-O";
				VALIDATE_PRODUCT = YES;
			};
			name = Release;
		};
		FDC1A96F26A08924001E2280 /* Debug */ = {
			isa = XCBuildConfiguration;
			buildSettings = {
				ASSETCATALOG_COMPILER_APPICON_NAME = AppIcon;
				CODE_SIGN_STYLE = Automatic;
				INFOPLIST_FILE = SegueEx1/Info.plist;
				LD_RUNPATH_SEARCH_PATHS = (
					"$(inherited)",
					"@executable_path/Frameworks",
				);
				PRODUCT_BUNDLE_IDENTIFIER = KWK.SegueEx1;
				PRODUCT_NAME = "$(TARGET_NAME)";
				SWIFT_VERSION = 5.0;
				TARGETED_DEVICE_FAMILY = "1,2";
			};
			name = Debug;
		};
		FDC1A97026A08924001E2280 /* Release */ = {
			isa = XCBuildConfiguration;
			buildSettings = {
				ASSETCATALOG_COMPILER_APPICON_NAME = AppIcon;
				CODE_SIGN_STYLE = Automatic;
				INFOPLIST_FILE = SegueEx1/Info.plist;
				LD_RUNPATH_SEARCH_PATHS = (
					"$(inherited)",
					"@executable_path/Frameworks",
				);
				PRODUCT_BUNDLE_IDENTIFIER = KWK.SegueEx1;
				PRODUCT_NAME = "$(TARGET_NAME)";
				SWIFT_VERSION = 5.0;
				TARGETED_DEVICE_FAMILY = "1,2";
			};
			name = Release;
		};
		FDC1A97226A08924001E2280 /* Debug */ = {
			isa = XCBuildConfiguration;
			buildSettings = {
				ALWAYS_EMBED_SWIFT_STANDARD_LIBRARIES = YES;
				BUNDLE_LOADER = "$(TEST_HOST)";
				CODE_SIGN_STYLE = Automatic;
				INFOPLIST_FILE = SegueEx1Tests/Info.plist;
				IPHONEOS_DEPLOYMENT_TARGET = 13.2;
				LD_RUNPATH_SEARCH_PATHS = (
					"$(inherited)",
					"@executable_path/Frameworks",
					"@loader_path/Frameworks",
				);
				PRODUCT_BUNDLE_IDENTIFIER = KWK.SegueEx1Tests;
				PRODUCT_NAME = "$(TARGET_NAME)";
				SWIFT_VERSION = 5.0;
				TARGETED_DEVICE_FAMILY = "1,2";
				TEST_HOST = "$(BUILT_PRODUCTS_DIR)/SegueEx1.app/SegueEx1";
			};
			name = Debug;
		};
		FDC1A97326A08924001E2280 /* Release */ = {
			isa = XCBuildConfiguration;
			buildSettings = {
				ALWAYS_EMBED_SWIFT_STANDARD_LIBRARIES = YES;
				BUNDLE_LOADER = "$(TEST_HOST)";
				CODE_SIGN_STYLE = Automatic;
				INFOPLIST_FILE = SegueEx1Tests/Info.plist;
				IPHONEOS_DEPLOYMENT_TARGET = 13.2;
				LD_RUNPATH_SEARCH_PATHS = (
					"$(inherited)",
					"@executable_path/Frameworks",
					"@loader_path/Frameworks",
				);
				PRODUCT_BUNDLE_IDENTIFIER = KWK.SegueEx1Tests;
				PRODUCT_NAME = "$(TARGET_NAME)";
				SWIFT_VERSION = 5.0;
				TARGETED_DEVICE_FAMILY = "1,2";
				TEST_HOST = "$(BUILT_PRODUCTS_DIR)/SegueEx1.app/SegueEx1";
			};
			name = Release;
		};
		FDC1A97526A08924001E2280 /* Debug */ = {
			isa = XCBuildConfiguration;
			buildSettings = {
				ALWAYS_EMBED_SWIFT_STANDARD_LIBRARIES = YES;
				CODE_SIGN_STYLE = Automatic;
				INFOPLIST_FILE = SegueEx1UITests/Info.plist;
				LD_RUNPATH_SEARCH_PATHS = (
					"$(inherited)",
					"@executable_path/Frameworks",
					"@loader_path/Frameworks",
				);
				PRODUCT_BUNDLE_IDENTIFIER = KWK.SegueEx1UITests;
				PRODUCT_NAME = "$(TARGET_NAME)";
				SWIFT_VERSION = 5.0;
				TARGETED_DEVICE_FAMILY = "1,2";
				TEST_TARGET_NAME = SegueEx1;
			};
			name = Debug;
		};
		FDC1A97626A08924001E2280 /* Release */ = {
			isa = XCBuildConfiguration;
			buildSettings = {
				ALWAYS_EMBED_SWIFT_STANDARD_LIBRARIES = YES;
				CODE_SIGN_STYLE = Automatic;
				INFOPLIST_FILE = SegueEx1UITests/Info.plist;
				LD_RUNPATH_SEARCH_PATHS = (
					"$(inherited)",
					"@executable_path/Frameworks",
					"@loader_path/Frameworks",
				);
				PRODUCT_BUNDLE_IDENTIFIER = KWK.SegueEx1UITests;
				PRODUCT_NAME = "$(TARGET_NAME)";
				SWIFT_VERSION = 5.0;
				TARGETED_DEVICE_FAMILY = "1,2";
				TEST_TARGET_NAME = SegueEx1;
			};
			name = Release;
		};
/* End XCBuildConfiguration section */

/* Begin XCConfigurationList section */
		FDC1A93C26A08921001E2280 /* Build configuration list for PBXProject "SegueEx1" */ = {
			isa = XCConfigurationList;
			buildConfigurations = (
				FDC1A96C26A08924001E2280 /* Debug */,
				FDC1A96D26A08924001E2280 /* Release */,
			);
			defaultConfigurationIsVisible = 0;
			defaultConfigurationName = Release;
		};
		FDC1A96E26A08924001E2280 /* Build configuration list for PBXNativeTarget "SegueEx1" */ = {
			isa = XCConfigurationList;
			buildConfigurations = (
				FDC1A96F26A08924001E2280 /* Debug */,
				FDC1A97026A08924001E2280 /* Release */,
			);
			defaultConfigurationIsVisible = 0;
			defaultConfigurationName = Release;
		};
		FDC1A97126A08924001E2280 /* Build configuration list for PBXNativeTarget "SegueEx1Tests" */ = {
			isa = XCConfigurationList;
			buildConfigurations = (
				FDC1A97226A08924001E2280 /* Debug */,
				FDC1A97326A08924001E2280 /* Release */,
			);
			defaultConfigurationIsVisible = 0;
			defaultConfigurationName = Release;
		};
		FDC1A97426A08924001E2280 /* Build configuration list for PBXNativeTarget "SegueEx1UITests" */ = {
			isa = XCConfigurationList;
			buildConfigurations = (
				FDC1A97526A08924001E2280 /* Debug */,
				FDC1A97626A08924001E2280 /* Release */,
			);
			defaultConfigurationIsVisible = 0;
			defaultConfigurationName = Release;
		};
/* End XCConfigurationList section */

/* Begin XCVersionGroup section */
		FDC1A94D26A08921001E2280 /* SegueEx1.xcdatamodeld */ = {
			isa = XCVersionGroup;
			children = (
				FDC1A94E26A08921001E2280 /* SegueEx1.xcdatamodel */,
			);
			currentVersion = FDC1A94E26A08921001E2280 /* SegueEx1.xcdatamodel */;
			path = SegueEx1.xcdatamodeld;
			sourceTree = "<group>";
			versionGroupType = wrapper.xcdatamodel;
		};
/* End XCVersionGroup section */
	};
	rootObject = FDC1A93926A08921001E2280 /* Project object */;
}
