// !$*UTF8*$!
{
	archiveVersion = 1;
	classes = {
	};
	objectVersion = 50;
	objects = {

/* Begin PBXBuildFile section */
		FDFE6551269F293400463354 /* AppDelegate.swift in Sources */ = {isa = PBXBuildFile; fileRef = FDFE6550269F293400463354 /* AppDelegate.swift */; };
		FDFE6553269F293400463354 /* SceneDelegate.swift in Sources */ = {isa = PBXBuildFile; fileRef = FDFE6552269F293400463354 /* SceneDelegate.swift */; };
		FDFE6555269F293400463354 /* ViewController.swift in Sources */ = {isa = PBXBuildFile; fileRef = FDFE6554269F293400463354 /* ViewController.swift */; };
		FDFE6558269F293400463354 /* Main.storyboard in Resources */ = {isa = PBXBuildFile; fileRef = FDFE6556269F293400463354 /* Main.storyboard */; };
		FDFE655B269F293400463354 /* StoryboardIntro.xcdatamodeld in Sources */ = {isa = PBXBuildFile; fileRef = FDFE6559269F293400463354 /* StoryboardIntro.xcdatamodeld */; };
		FDFE655D269F293900463354 /* Assets.xcassets in Resources */ = {isa = PBXBuildFile; fileRef = FDFE655C269F293900463354 /* Assets.xcassets */; };
		FDFE6560269F293900463354 /* LaunchScreen.storyboard in Resources */ = {isa = PBXBuildFile; fileRef = FDFE655E269F293900463354 /* LaunchScreen.storyboard */; };
		FDFE656B269F293A00463354 /* StoryboardIntroTests.swift in Sources */ = {isa = PBXBuildFile; fileRef = FDFE656A269F293A00463354 /* StoryboardIntroTests.swift */; };
		FDFE6576269F293A00463354 /* StoryboardIntroUITests.swift in Sources */ = {isa = PBXBuildFile; fileRef = FDFE6575269F293A00463354 /* StoryboardIntroUITests.swift */; };
/* End PBXBuildFile section */

/* Begin PBXContainerItemProxy section */
		FDFE6567269F293A00463354 /* PBXContainerItemProxy */ = {
			isa = PBXContainerItemProxy;
			containerPortal = FDFE6545269F293400463354 /* Project object */;
			proxyType = 1;
			remoteGlobalIDString = FDFE654C269F293400463354;
			remoteInfo = StoryboardIntro;
		};
		FDFE6572269F293A00463354 /* PBXContainerItemProxy */ = {
			isa = PBXContainerItemProxy;
			containerPortal = FDFE6545269F293400463354 /* Project object */;
			proxyType = 1;
			remoteGlobalIDString = FDFE654C269F293400463354;
			remoteInfo = StoryboardIntro;
		};
/* End PBXContainerItemProxy section */

/* Begin PBXFileReference section */
		FDFE654D269F293400463354 /* StoryboardIntro.app */ = {isa = PBXFileReference; explicitFileType = wrapper.application; includeInIndex = 0; path = StoryboardIntro.app; sourceTree = BUILT_PRODUCTS_DIR; };
		FDFE6550269F293400463354 /* AppDelegate.swift */ = {isa = PBXFileReference; lastKnownFileType = sourcecode.swift; path = AppDelegate.swift; sourceTree = "<group>"; };
		FDFE6552269F293400463354 /* SceneDelegate.swift */ = {isa = PBXFileReference; lastKnownFileType = sourcecode.swift; path = SceneDelegate.swift; sourceTree = "<group>"; };
		FDFE6554269F293400463354 /* ViewController.swift */ = {isa = PBXFileReference; lastKnownFileType = sourcecode.swift; path = ViewController.swift; sourceTree = "<group>"; };
		FDFE6557269F293400463354 /* Base */ = {isa = PBXFileReference; lastKnownFileType = file.storyboard; name = Base; path = Base.lproj/Main.storyboard; sourceTree = "<group>"; };
		FDFE655A269F293400463354 /* StoryboardIntro.xcdatamodel */ = {isa = PBXFileReference; lastKnownFileType = wrapper.xcdatamodel; path = StoryboardIntro.xcdatamodel; sourceTree = "<group>"; };
		FDFE655C269F293900463354 /* Assets.xcassets */ = {isa = PBXFileReference; lastKnownFileType = folder.assetcatalog; path = Assets.xcassets; sourceTree = "<group>"; };
		FDFE655F269F293900463354 /* Base */ = {isa = PBXFileReference; lastKnownFileType = file.storyboard; name = Base; path = Base.lproj/LaunchScreen.storyboard; sourceTree = "<group>"; };
		FDFE6561269F293900463354 /* Info.plist */ = {isa = PBXFileReference; lastKnownFileType = text.plist.xml; path = Info.plist; sourceTree = "<group>"; };
		FDFE6566269F293A00463354 /* StoryboardIntroTests.xctest */ = {isa = PBXFileReference; explicitFileType = wrapper.cfbundle; includeInIndex = 0; path = StoryboardIntroTests.xctest; sourceTree = BUILT_PRODUCTS_DIR; };
		FDFE656A269F293A00463354 /* StoryboardIntroTests.swift */ = {isa = PBXFileReference; lastKnownFileType = sourcecode.swift; path = StoryboardIntroTests.swift; sourceTree = "<group>"; };
		FDFE656C269F293A00463354 /* Info.plist */ = {isa = PBXFileReference; lastKnownFileType = text.plist.xml; path = Info.plist; sourceTree = "<group>"; };
		FDFE6571269F293A00463354 /* StoryboardIntroUITests.xctest */ = {isa = PBXFileReference; explicitFileType = wrapper.cfbundle; includeInIndex = 0; path = StoryboardIntroUITests.xctest; sourceTree = BUILT_PRODUCTS_DIR; };
		FDFE6575269F293A00463354 /* StoryboardIntroUITests.swift */ = {isa = PBXFileReference; lastKnownFileType = sourcecode.swift; path = StoryboardIntroUITests.swift; sourceTree = "<group>"; };
		FDFE6577269F293A00463354 /* Info.plist */ = {isa = PBXFileReference; lastKnownFileType = text.plist.xml; path = Info.plist; sourceTree = "<group>"; };
/* End PBXFileReference section */

/* Begin PBXFrameworksBuildPhase section */
		FDFE654A269F293400463354 /* Frameworks */ = {
			isa = PBXFrameworksBuildPhase;
			buildActionMask = 2147483647;
			files = (
			);
			runOnlyForDeploymentPostprocessing = 0;
		};
		FDFE6563269F293A00463354 /* Frameworks */ = {
			isa = PBXFrameworksBuildPhase;
			buildActionMask = 2147483647;
			files = (
			);
			runOnlyForDeploymentPostprocessing = 0;
		};
		FDFE656E269F293A00463354 /* Frameworks */ = {
			isa = PBXFrameworksBuildPhase;
			buildActionMask = 2147483647;
			files = (
			);
			runOnlyForDeploymentPostprocessing = 0;
		};
/* End PBXFrameworksBuildPhase section */

/* Begin PBXGroup section */
		FDFE6544269F293400463354 = {
			isa = PBXGroup;
			children = (
				FDFE654F269F293400463354 /* StoryboardIntro */,
				FDFE6569269F293A00463354 /* StoryboardIntroTests */,
				FDFE6574269F293A00463354 /* StoryboardIntroUITests */,
				FDFE654E269F293400463354 /* Products */,
			);
			sourceTree = "<group>";
		};
		FDFE654E269F293400463354 /* Products */ = {
			isa = PBXGroup;
			children = (
				FDFE654D269F293400463354 /* StoryboardIntro.app */,
				FDFE6566269F293A00463354 /* StoryboardIntroTests.xctest */,
				FDFE6571269F293A00463354 /* StoryboardIntroUITests.xctest */,
			);
			name = Products;
			sourceTree = "<group>";
		};
		FDFE654F269F293400463354 /* StoryboardIntro */ = {
			isa = PBXGroup;
			children = (
				FDFE6550269F293400463354 /* AppDelegate.swift */,
				FDFE6552269F293400463354 /* SceneDelegate.swift */,
				FDFE6554269F293400463354 /* ViewController.swift */,
				FDFE6556269F293400463354 /* Main.storyboard */,
				FDFE655C269F293900463354 /* Assets.xcassets */,
				FDFE655E269F293900463354 /* LaunchScreen.storyboard */,
				FDFE6561269F293900463354 /* Info.plist */,
				FDFE6559269F293400463354 /* StoryboardIntro.xcdatamodeld */,
			);
			path = StoryboardIntro;
			sourceTree = "<group>";
		};
		FDFE6569269F293A00463354 /* StoryboardIntroTests */ = {
			isa = PBXGroup;
			children = (
				FDFE656A269F293A00463354 /* StoryboardIntroTests.swift */,
				FDFE656C269F293A00463354 /* Info.plist */,
			);
			path = StoryboardIntroTests;
			sourceTree = "<group>";
		};
		FDFE6574269F293A00463354 /* StoryboardIntroUITests */ = {
			isa = PBXGroup;
			children = (
				FDFE6575269F293A00463354 /* StoryboardIntroUITests.swift */,
				FDFE6577269F293A00463354 /* Info.plist */,
			);
			path = StoryboardIntroUITests;
			sourceTree = "<group>";
		};
/* End PBXGroup section */

/* Begin PBXNativeTarget section */
		FDFE654C269F293400463354 /* StoryboardIntro */ = {
			isa = PBXNativeTarget;
			buildConfigurationList = FDFE657A269F293A00463354 /* Build configuration list for PBXNativeTarget "StoryboardIntro" */;
			buildPhases = (
				FDFE6549269F293400463354 /* Sources */,
				FDFE654A269F293400463354 /* Frameworks */,
				FDFE654B269F293400463354 /* Resources */,
			);
			buildRules = (
			);
			dependencies = (
			);
			name = StoryboardIntro;
			productName = StoryboardIntro;
			productReference = FDFE654D269F293400463354 /* StoryboardIntro.app */;
			productType = "com.apple.product-type.application";
		};
		FDFE6565269F293A00463354 /* StoryboardIntroTests */ = {
			isa = PBXNativeTarget;
			buildConfigurationList = FDFE657D269F293A00463354 /* Build configuration list for PBXNativeTarget "StoryboardIntroTests" */;
			buildPhases = (
				FDFE6562269F293A00463354 /* Sources */,
				FDFE6563269F293A00463354 /* Frameworks */,
				FDFE6564269F293A00463354 /* Resources */,
			);
			buildRules = (
			);
			dependencies = (
				FDFE6568269F293A00463354 /* PBXTargetDependency */,
			);
			name = StoryboardIntroTests;
			productName = StoryboardIntroTests;
			productReference = FDFE6566269F293A00463354 /* StoryboardIntroTests.xctest */;
			productType = "com.apple.product-type.bundle.unit-test";
		};
		FDFE6570269F293A00463354 /* StoryboardIntroUITests */ = {
			isa = PBXNativeTarget;
			buildConfigurationList = FDFE6580269F293A00463354 /* Build configuration list for PBXNativeTarget "StoryboardIntroUITests" */;
			buildPhases = (
				FDFE656D269F293A00463354 /* Sources */,
				FDFE656E269F293A00463354 /* Frameworks */,
				FDFE656F269F293A00463354 /* Resources */,
			);
			buildRules = (
			);
			dependencies = (
				FDFE6573269F293A00463354 /* PBXTargetDependency */,
			);
			name = StoryboardIntroUITests;
			productName = StoryboardIntroUITests;
			productReference = FDFE6571269F293A00463354 /* StoryboardIntroUITests.xctest */;
			productType = "com.apple.product-type.bundle.ui-testing";
		};
/* End PBXNativeTarget section */

/* Begin PBXProject section */
		FDFE6545269F293400463354 /* Project object */ = {
			isa = PBXProject;
			attributes = {
				LastSwiftUpdateCheck = 1130;
				LastUpgradeCheck = 1130;
				ORGANIZATIONNAME = "Dina Cazun";
				TargetAttributes = {
					FDFE654C269F293400463354 = {
						CreatedOnToolsVersion = 11.3.1;
					};
					FDFE6565269F293A00463354 = {
						CreatedOnToolsVersion = 11.3.1;
						TestTargetID = FDFE654C269F293400463354;
					};
					FDFE6570269F293A00463354 = {
						CreatedOnToolsVersion = 11.3.1;
						TestTargetID = FDFE654C269F293400463354;
					};
				};
			};
			buildConfigurationList = FDFE6548269F293400463354 /* Build configuration list for PBXProject "StoryboardIntro" */;
			compatibilityVersion = "Xcode 9.3";
			developmentRegion = en;
			hasScannedForEncodings = 0;
			knownRegions = (
				en,
				Base,
			);
			mainGroup = FDFE6544269F293400463354;
			productRefGroup = FDFE654E269F293400463354 /* Products */;
			projectDirPath = "";
			projectRoot = "";
			targets = (
				FDFE654C269F293400463354 /* StoryboardIntro */,
				FDFE6565269F293A00463354 /* StoryboardIntroTests */,
				FDFE6570269F293A00463354 /* StoryboardIntroUITests */,
			);
		};
/* End PBXProject section */

/* Begin PBXResourcesBuildPhase section */
		FDFE654B269F293400463354 /* Resources */ = {
			isa = PBXResourcesBuildPhase;
			buildActionMask = 2147483647;
			files = (
				FDFE6560269F293900463354 /* LaunchScreen.storyboard in Resources */,
				FDFE655D269F293900463354 /* Assets.xcassets in Resources */,
				FDFE6558269F293400463354 /* Main.storyboard in Resources */,
			);
			runOnlyForDeploymentPostprocessing = 0;
		};
		FDFE6564269F293A00463354 /* Resources */ = {
			isa = PBXResourcesBuildPhase;
			buildActionMask = 2147483647;
			files = (
			);
			runOnlyForDeploymentPostprocessing = 0;
		};
		FDFE656F269F293A00463354 /* Resources */ = {
			isa = PBXResourcesBuildPhase;
			buildActionMask = 2147483647;
			files = (
			);
			runOnlyForDeploymentPostprocessing = 0;
		};
/* End PBXResourcesBuildPhase section */

/* Begin PBXSourcesBuildPhase section */
		FDFE6549269F293400463354 /* Sources */ = {
			isa = PBXSourcesBuildPhase;
			buildActionMask = 2147483647;
			files = (
				FDFE6555269F293400463354 /* ViewController.swift in Sources */,
				FDFE655B269F293400463354 /* StoryboardIntro.xcdatamodeld in Sources */,
				FDFE6551269F293400463354 /* AppDelegate.swift in Sources */,
				FDFE6553269F293400463354 /* SceneDelegate.swift in Sources */,
			);
			runOnlyForDeploymentPostprocessing = 0;
		};
		FDFE6562269F293A00463354 /* Sources */ = {
			isa = PBXSourcesBuildPhase;
			buildActionMask = 2147483647;
			files = (
				FDFE656B269F293A00463354 /* StoryboardIntroTests.swift in Sources */,
			);
			runOnlyForDeploymentPostprocessing = 0;
		};
		FDFE656D269F293A00463354 /* Sources */ = {
			isa = PBXSourcesBuildPhase;
			buildActionMask = 2147483647;
			files = (
				FDFE6576269F293A00463354 /* StoryboardIntroUITests.swift in Sources */,
			);
			runOnlyForDeploymentPostprocessing = 0;
		};
/* End PBXSourcesBuildPhase section */

/* Begin PBXTargetDependency section */
		FDFE6568269F293A00463354 /* PBXTargetDependency */ = {
			isa = PBXTargetDependency;
			target = FDFE654C269F293400463354 /* StoryboardIntro */;
			targetProxy = FDFE6567269F293A00463354 /* PBXContainerItemProxy */;
		};
		FDFE6573269F293A00463354 /* PBXTargetDependency */ = {
			isa = PBXTargetDependency;
			target = FDFE654C269F293400463354 /* StoryboardIntro */;
			targetProxy = FDFE6572269F293A00463354 /* PBXContainerItemProxy */;
		};
/* End PBXTargetDependency section */

/* Begin PBXVariantGroup section */
		FDFE6556269F293400463354 /* Main.storyboard */ = {
			isa = PBXVariantGroup;
			children = (
				FDFE6557269F293400463354 /* Base */,
			);
			name = Main.storyboard;
			sourceTree = "<group>";
		};
		FDFE655E269F293900463354 /* LaunchScreen.storyboard */ = {
			isa = PBXVariantGroup;
			children = (
				FDFE655F269F293900463354 /* Base */,
			);
			name = LaunchScreen.storyboard;
			sourceTree = "<group>";
		};
/* End PBXVariantGroup section */

/* Begin XCBuildConfiguration section */
		FDFE6578269F293A00463354 /* Debug */ = {
			isa = XCBuildConfiguration;
			buildSettings = {
				ALWAYS_SEARCH_USER_PATHS = NO;
				CLANG_ANALYZER_NONNULL = YES;
				CLANG_ANALYZER_NUMBER_OBJECT_CONVERSION = YES_AGGRESSIVE;
				CLANG_CXX_LANGUAGE_STANDARD = "gnu++14";
				CLANG_CXX_LIBRARY = "libc++";
				CLANG_ENABLE_MODULES = YES;
				CLANG_ENABLE_OBJC_ARC = YES;
				CLANG_ENABLE_OBJC_WEAK = YES;
				CLANG_WARN_BLOCK_CAPTURE_AUTORELEASING = YES;
				CLANG_WARN_BOOL_CONVERSION = YES;
				CLANG_WARN_COMMA = YES;
				CLANG_WARN_CONSTANT_CONVERSION = YES;
				CLANG_WARN_DEPRECATED_OBJC_IMPLEMENTATIONS = YES;
				CLANG_WARN_DIRECT_OBJC_ISA_USAGE = YES_ERROR;
				CLANG_WARN_DOCUMENTATION_COMMENTS = YES;
				CLANG_WARN_EMPTY_BODY = YES;
				CLANG_WARN_ENUM_CONVERSION = YES;
				CLANG_WARN_INFINITE_RECURSION = YES;
				CLANG_WARN_INT_CONVERSION = YES;
				CLANG_WARN_NON_LITERAL_NULL_CONVERSION = YES;
				CLANG_WARN_OBJC_IMPLICIT_RETAIN_SELF = YES;
				CLANG_WARN_OBJC_LITERAL_CONVERSION = YES;
				CLANG_WARN_OBJC_ROOT_CLASS = YES_ERROR;
				CLANG_WARN_RANGE_LOOP_ANALYSIS = YES;
				CLANG_WARN_STRICT_PROTOTYPES = YES;
				CLANG_WARN_SUSPICIOUS_MOVE = YES;
				CLANG_WARN_UNGUARDED_AVAILABILITY = YES_AGGRESSIVE;
				CLANG_WARN_UNREACHABLE_CODE = YES;
				CLANG_WARN__DUPLICATE_METHOD_MATCH = YES;
				COPY_PHASE_STRIP = NO;
				DEBUG_INFORMATION_FORMAT = dwarf;
				ENABLE_STRICT_OBJC_MSGSEND = YES;
				ENABLE_TESTABILITY = YES;
				GCC_C_LANGUAGE_STANDARD = gnu11;
				GCC_DYNAMIC_NO_PIC = NO;
				GCC_NO_COMMON_BLOCKS = YES;
				GCC_OPTIMIZATION_LEVEL = 0;
				GCC_PREPROCESSOR_DEFINITIONS = (
					"DEBUG=1",
					"$(inherited)",
				);
				GCC_WARN_64_TO_32_BIT_CONVERSION = YES;
				GCC_WARN_ABOUT_RETURN_TYPE = YES_ERROR;
				GCC_WARN_UNDECLARED_SELECTOR = YES;
				GCC_WARN_UNINITIALIZED_AUTOS = YES_AGGRESSIVE;
				GCC_WARN_UNUSED_FUNCTION = YES;
				GCC_WARN_UNUSED_VARIABLE = YES;
				IPHONEOS_DEPLOYMENT_TARGET = 13.2;
				MTL_ENABLE_DEBUG_INFO = INCLUDE_SOURCE;
				MTL_FAST_MATH = YES;
				ONLY_ACTIVE_ARCH = YES;
				SDKROOT = iphoneos;
				SWIFT_ACTIVE_COMPILATION_CONDITIONS = DEBUG;
				SWIFT_OPTIMIZATION_LEVEL = "-Onone";
			};
			name = Debug;
		};
		FDFE6579269F293A00463354 /* Release */ = {
			isa = XCBuildConfiguration;
			buildSettings = {
				ALWAYS_SEARCH_USER_PATHS = NO;
				CLANG_ANALYZER_NONNULL = YES;
				CLANG_ANALYZER_NUMBER_OBJECT_CONVERSION = YES_AGGRESSIVE;
				CLANG_CXX_LANGUAGE_STANDARD = "gnu++14";
				CLANG_CXX_LIBRARY = "libc++";
				CLANG_ENABLE_MODULES = YES;
				CLANG_ENABLE_OBJC_ARC = YES;
				CLANG_ENABLE_OBJC_WEAK = YES;
				CLANG_WARN_BLOCK_CAPTURE_AUTORELEASING = YES;
				CLANG_WARN_BOOL_CONVERSION = YES;
				CLANG_WARN_COMMA = YES;
				CLANG_WARN_CONSTANT_CONVERSION = YES;
				CLANG_WARN_DEPRECATED_OBJC_IMPLEMENTATIONS = YES;
				CLANG_WARN_DIRECT_OBJC_ISA_USAGE = YES_ERROR;
				CLANG_WARN_DOCUMENTATION_COMMENTS = YES;
				CLANG_WARN_EMPTY_BODY = YES;
				CLANG_WARN_ENUM_CONVERSION = YES;
				CLANG_WARN_INFINITE_RECURSION = YES;
				CLANG_WARN_INT_CONVERSION = YES;
				CLANG_WARN_NON_LITERAL_NULL_CONVERSION = YES;
				CLANG_WARN_OBJC_IMPLICIT_RETAIN_SELF = YES;
				CLANG_WARN_OBJC_LITERAL_CONVERSION = YES;
				CLANG_WARN_OBJC_ROOT_CLASS = YES_ERROR;
				CLANG_WARN_RANGE_LOOP_ANALYSIS = YES;
				CLANG_WARN_STRICT_PROTOTYPES = YES;
				CLANG_WARN_SUSPICIOUS_MOVE = YES;
				CLANG_WARN_UNGUARDED_AVAILABILITY = YES_AGGRESSIVE;
				CLANG_WARN_UNREACHABLE_CODE = YES;
				CLANG_WARN__DUPLICATE_METHOD_MATCH = YES;
				COPY_PHASE_STRIP = NO;
				DEBUG_INFORMATION_FORMAT = "dwarf-with-dsym";
				ENABLE_NS_ASSERTIONS = NO;
				ENABLE_STRICT_OBJC_MSGSEND = YES;
				GCC_C_LANGUAGE_STANDARD = gnu11;
				GCC_NO_COMMON_BLOCKS = YES;
				GCC_WARN_64_TO_32_BIT_CONVERSION = YES;
				GCC_WARN_ABOUT_RETURN_TYPE = YES_ERROR;
				GCC_WARN_UNDECLARED_SELECTOR = YES;
				GCC_WARN_UNINITIALIZED_AUTOS = YES_AGGRESSIVE;
				GCC_WARN_UNUSED_FUNCTION = YES;
				GCC_WARN_UNUSED_VARIABLE = YES;
				IPHONEOS_DEPLOYMENT_TARGET = 13.2;
				MTL_ENABLE_DEBUG_INFO = NO;
				MTL_FAST_MATH = YES;
				SDKROOT = iphoneos;
				SWIFT_COMPILATION_MODE = wholemodule;
				SWIFT_OPTIMIZATION_LEVEL = "-O";
				VALIDATE_PRODUCT = YES;
			};
			name = Release;
		};
		FDFE657B269F293A00463354 /* Debug */ = {
			isa = XCBuildConfiguration;
			buildSettings = {
				ASSETCATALOG_COMPILER_APPICON_NAME = AppIcon;
				CODE_SIGN_STYLE = Automatic;
				INFOPLIST_FILE = StoryboardIntro/Info.plist;
				LD_RUNPATH_SEARCH_PATHS = (
					"$(inherited)",
					"@executable_path/Frameworks",
				);
				PRODUCT_BUNDLE_IDENTIFIER = KWK.StoryboardIntro;
				PRODUCT_NAME = "$(TARGET_NAME)";
				SWIFT_VERSION = 5.0;
				TARGETED_DEVICE_FAMILY = "1,2";
			};
			name = Debug;
		};
		FDFE657C269F293A00463354 /* Release */ = {
			isa = XCBuildConfiguration;
			buildSettings = {
				ASSETCATALOG_COMPILER_APPICON_NAME = AppIcon;
				CODE_SIGN_STYLE = Automatic;
				INFOPLIST_FILE = StoryboardIntro/Info.plist;
				LD_RUNPATH_SEARCH_PATHS = (
					"$(inherited)",
					"@executable_path/Frameworks",
				);
				PRODUCT_BUNDLE_IDENTIFIER = KWK.StoryboardIntro;
				PRODUCT_NAME = "$(TARGET_NAME)";
				SWIFT_VERSION = 5.0;
				TARGETED_DEVICE_FAMILY = "1,2";
			};
			name = Release;
		};
		FDFE657E269F293A00463354 /* Debug */ = {
			isa = XCBuildConfiguration;
			buildSettings = {
				ALWAYS_EMBED_SWIFT_STANDARD_LIBRARIES = YES;
				BUNDLE_LOADER = "$(TEST_HOST)";
				CODE_SIGN_STYLE = Automatic;
				INFOPLIST_FILE = StoryboardIntroTests/Info.plist;
				IPHONEOS_DEPLOYMENT_TARGET = 13.2;
				LD_RUNPATH_SEARCH_PATHS = (
					"$(inherited)",
					"@executable_path/Frameworks",
					"@loader_path/Frameworks",
				);
				PRODUCT_BUNDLE_IDENTIFIER = KWK.StoryboardIntroTests;
				PRODUCT_NAME = "$(TARGET_NAME)";
				SWIFT_VERSION = 5.0;
				TARGETED_DEVICE_FAMILY = "1,2";
				TEST_HOST = "$(BUILT_PRODUCTS_DIR)/StoryboardIntro.app/StoryboardIntro";
			};
			name = Debug;
		};
		FDFE657F269F293A00463354 /* Release */ = {
			isa = XCBuildConfiguration;
			buildSettings = {
				ALWAYS_EMBED_SWIFT_STANDARD_LIBRARIES = YES;
				BUNDLE_LOADER = "$(TEST_HOST)";
				CODE_SIGN_STYLE = Automatic;
				INFOPLIST_FILE = StoryboardIntroTests/Info.plist;
				IPHONEOS_DEPLOYMENT_TARGET = 13.2;
				LD_RUNPATH_SEARCH_PATHS = (
					"$(inherited)",
					"@executable_path/Frameworks",
					"@loader_path/Frameworks",
				);
				PRODUCT_BUNDLE_IDENTIFIER = KWK.StoryboardIntroTests;
				PRODUCT_NAME = "$(TARGET_NAME)";
				SWIFT_VERSION = 5.0;
				TARGETED_DEVICE_FAMILY = "1,2";
				TEST_HOST = "$(BUILT_PRODUCTS_DIR)/StoryboardIntro.app/StoryboardIntro";
			};
			name = Release;
		};
		FDFE6581269F293A00463354 /* Debug */ = {
			isa = XCBuildConfiguration;
			buildSettings = {
				ALWAYS_EMBED_SWIFT_STANDARD_LIBRARIES = YES;
				CODE_SIGN_STYLE = Automatic;
				INFOPLIST_FILE = StoryboardIntroUITests/Info.plist;
				LD_RUNPATH_SEARCH_PATHS = (
					"$(inherited)",
					"@executable_path/Frameworks",
					"@loader_path/Frameworks",
				);
				PRODUCT_BUNDLE_IDENTIFIER = KWK.StoryboardIntroUITests;
				PRODUCT_NAME = "$(TARGET_NAME)";
				SWIFT_VERSION = 5.0;
				TARGETED_DEVICE_FAMILY = "1,2";
				TEST_TARGET_NAME = StoryboardIntro;
			};
			name = Debug;
		};
		FDFE6582269F293A00463354 /* Release */ = {
			isa = XCBuildConfiguration;
			buildSettings = {
				ALWAYS_EMBED_SWIFT_STANDARD_LIBRARIES = YES;
				CODE_SIGN_STYLE = Automatic;
				INFOPLIST_FILE = StoryboardIntroUITests/Info.plist;
				LD_RUNPATH_SEARCH_PATHS = (
					"$(inherited)",
					"@executable_path/Frameworks",
					"@loader_path/Frameworks",
				);
				PRODUCT_BUNDLE_IDENTIFIER = KWK.StoryboardIntroUITests;
				PRODUCT_NAME = "$(TARGET_NAME)";
				SWIFT_VERSION = 5.0;
				TARGETED_DEVICE_FAMILY = "1,2";
				TEST_TARGET_NAME = StoryboardIntro;
			};
			name = Release;
		};
/* End XCBuildConfiguration section */

/* Begin XCConfigurationList section */
		FDFE6548269F293400463354 /* Build configuration list for PBXProject "StoryboardIntro" */ = {
			isa = XCConfigurationList;
			buildConfigurations = (
				FDFE6578269F293A00463354 /* Debug */,
				FDFE6579269F293A00463354 /* Release */,
			);
			defaultConfigurationIsVisible = 0;
			defaultConfigurationName = Release;
		};
		FDFE657A269F293A00463354 /* Build configuration list for PBXNativeTarget "StoryboardIntro" */ = {
			isa = XCConfigurationList;
			buildConfigurations = (
				FDFE657B269F293A00463354 /* Debug */,
				FDFE657C269F293A00463354 /* Release */,
			);
			defaultConfigurationIsVisible = 0;
			defaultConfigurationName = Release;
		};
		FDFE657D269F293A00463354 /* Build configuration list for PBXNativeTarget "StoryboardIntroTests" */ = {
			isa = XCConfigurationList;
			buildConfigurations = (
				FDFE657E269F293A00463354 /* Debug */,
				FDFE657F269F293A00463354 /* Release */,
			);
			defaultConfigurationIsVisible = 0;
			defaultConfigurationName = Release;
		};
		FDFE6580269F293A00463354 /* Build configuration list for PBXNativeTarget "StoryboardIntroUITests" */ = {
			isa = XCConfigurationList;
			buildConfigurations = (
				FDFE6581269F293A00463354 /* Debug */,
				FDFE6582269F293A00463354 /* Release */,
			);
			defaultConfigurationIsVisible = 0;
			defaultConfigurationName = Release;
		};
/* End XCConfigurationList section */

/* Begin XCVersionGroup section */
		FDFE6559269F293400463354 /* StoryboardIntro.xcdatamodeld */ = {
			isa = XCVersionGroup;
			children = (
				FDFE655A269F293400463354 /* StoryboardIntro.xcdatamodel */,
			);
			currentVersion = FDFE655A269F293400463354 /* StoryboardIntro.xcdatamodel */;
			path = StoryboardIntro.xcdatamodeld;
			sourceTree = "<group>";
			versionGroupType = wrapper.xcdatamodel;
		};
/* End XCVersionGroup section */
	};
	rootObject = FDFE6545269F293400463354 /* Project object */;
}
